// !$*UTF8*$!
{
	archiveVersion = 1;
	classes = {
	};
	objectVersion = 46;
	objects = {

/* Begin PBXBuildFile section */
		213CD3D51E4D775D005949C7 /* PhotoDetailsViewController.swift in Sources */ = {isa = PBXBuildFile; fileRef = 213CD3D41E4D775D005949C7 /* PhotoDetailsViewController.swift */; };
		213CD3D71E4D875D005949C7 /* InfiniteScrollActivityView.swift in Sources */ = {isa = PBXBuildFile; fileRef = 213CD3D61E4D875D005949C7 /* InfiniteScrollActivityView.swift */; };
		218233EC1E443A0A005DF023 /* AppDelegate.swift in Sources */ = {isa = PBXBuildFile; fileRef = 218233EB1E443A0A005DF023 /* AppDelegate.swift */; };
		218233F11E443A0A005DF023 /* Main.storyboard in Resources */ = {isa = PBXBuildFile; fileRef = 218233EF1E443A0A005DF023 /* Main.storyboard */; };
		218233F31E443A0A005DF023 /* Assets.xcassets in Resources */ = {isa = PBXBuildFile; fileRef = 218233F21E443A0A005DF023 /* Assets.xcassets */; };
		218233F61E443A0A005DF023 /* LaunchScreen.storyboard in Resources */ = {isa = PBXBuildFile; fileRef = 218233F41E443A0A005DF023 /* LaunchScreen.storyboard */; };
		219288401E443EFE00F52812 /* PhotosViewController.swift in Sources */ = {isa = PBXBuildFile; fileRef = 2192883F1E443EFE00F52812 /* PhotosViewController.swift */; };
		219288421E44421000F52812 /* PhotoCell.swift in Sources */ = {isa = PBXBuildFile; fileRef = 219288411E44421000F52812 /* PhotoCell.swift */; };
		388D45D9FFD3DFA5F65FC5ED /* Pods_TumblrFeed.framework in Frameworks */ = {isa = PBXBuildFile; fileRef = A6A0EA0F330EEACA3C39E48D /* Pods_TumblrFeed.framework */; };
/* End PBXBuildFile section */

/* Begin PBXFileReference section */
		213CD3D41E4D775D005949C7 /* PhotoDetailsViewController.swift */ = {isa = PBXFileReference; fileEncoding = 4; lastKnownFileType = sourcecode.swift; path = PhotoDetailsViewController.swift; sourceTree = "<group>"; };
		213CD3D61E4D875D005949C7 /* InfiniteScrollActivityView.swift */ = {isa = PBXFileReference; fileEncoding = 4; lastKnownFileType = sourcecode.swift; path = InfiniteScrollActivityView.swift; sourceTree = "<group>"; };
		218233E81E443A0A005DF023 /* TumblrFeed.app */ = {isa = PBXFileReference; explicitFileType = wrapper.application; includeInIndex = 0; path = TumblrFeed.app; sourceTree = BUILT_PRODUCTS_DIR; };
		218233EB1E443A0A005DF023 /* AppDelegate.swift */ = {isa = PBXFileReference; lastKnownFileType = sourcecode.swift; path = AppDelegate.swift; sourceTree = "<group>"; };
		218233F01E443A0A005DF023 /* Base */ = {isa = PBXFileReference; lastKnownFileType = file.storyboard; name = Base; path = Base.lproj/Main.storyboard; sourceTree = "<group>"; };
		218233F21E443A0A005DF023 /* Assets.xcassets */ = {isa = PBXFileReference; lastKnownFileType = folder.assetcatalog; path = Assets.xcassets; sourceTree = "<group>"; };
		218233F51E443A0A005DF023 /* Base */ = {isa = PBXFileReference; lastKnownFileType = file.storyboard; name = Base; path = Base.lproj/LaunchScreen.storyboard; sourceTree = "<group>"; };
		218233F71E443A0A005DF023 /* Info.plist */ = {isa = PBXFileReference; lastKnownFileType = text.plist.xml; path = Info.plist; sourceTree = "<group>"; };
		2192883F1E443EFE00F52812 /* PhotosViewController.swift */ = {isa = PBXFileReference; fileEncoding = 4; lastKnownFileType = sourcecode.swift; path = PhotosViewController.swift; sourceTree = "<group>"; };
		219288411E44421000F52812 /* PhotoCell.swift */ = {isa = PBXFileReference; fileEncoding = 4; lastKnownFileType = sourcecode.swift; path = PhotoCell.swift; sourceTree = "<group>"; };
		27BCA702D4011FF63ADE80BE /* Pods-TumblrFeed.release.xcconfig */ = {isa = PBXFileReference; includeInIndex = 1; lastKnownFileType = text.xcconfig; name = "Pods-TumblrFeed.release.xcconfig"; path = "Pods/Target Support Files/Pods-TumblrFeed/Pods-TumblrFeed.release.xcconfig"; sourceTree = "<group>"; };
		A6A0EA0F330EEACA3C39E48D /* Pods_TumblrFeed.framework */ = {isa = PBXFileReference; explicitFileType = wrapper.framework; includeInIndex = 0; path = Pods_TumblrFeed.framework; sourceTree = BUILT_PRODUCTS_DIR; };
		AE31FF1BD2F9C7FDD930F498 /* Pods-TumblrFeed.debug.xcconfig */ = {isa = PBXFileReference; includeInIndex = 1; lastKnownFileType = text.xcconfig; name = "Pods-TumblrFeed.debug.xcconfig"; path = "Pods/Target Support Files/Pods-TumblrFeed/Pods-TumblrFeed.debug.xcconfig"; sourceTree = "<group>"; };
/* End PBXFileReference section */

/* Begin PBXFrameworksBuildPhase section */
		218233E51E443A0A005DF023 /* Frameworks */ = {
			isa = PBXFrameworksBuildPhase;
			buildActionMask = 2147483647;
			files = (
				388D45D9FFD3DFA5F65FC5ED /* Pods_TumblrFeed.framework in Frameworks */,
			);
			runOnlyForDeploymentPostprocessing = 0;
		};
/* End PBXFrameworksBuildPhase section */

/* Begin PBXGroup section */
		218233DF1E443A0A005DF023 = {
			isa = PBXGroup;
			children = (
				218233EA1E443A0A005DF023 /* TumblrFeed */,
				218233E91E443A0A005DF023 /* Products */,
				C1045F4FEED034C73E1082AA /* Pods */,
				5521E76945C4A395E953841E /* Frameworks */,
			);
			sourceTree = "<group>";
		};
		218233E91E443A0A005DF023 /* Products */ = {
			isa = PBXGroup;
			children = (
				218233E81E443A0A005DF023 /* TumblrFeed.app */,
			);
			name = Products;
			sourceTree = "<group>";
		};
		218233EA1E443A0A005DF023 /* TumblrFeed */ = {
			isa = PBXGroup;
			children = (
				218233EB1E443A0A005DF023 /* AppDelegate.swift */,
				218233EF1E443A0A005DF023 /* Main.storyboard */,
				218233F21E443A0A005DF023 /* Assets.xcassets */,
				218233F41E443A0A005DF023 /* LaunchScreen.storyboard */,
				218233F71E443A0A005DF023 /* Info.plist */,
				2192883F1E443EFE00F52812 /* PhotosViewController.swift */,
				219288411E44421000F52812 /* PhotoCell.swift */,
				213CD3D41E4D775D005949C7 /* PhotoDetailsViewController.swift */,
				213CD3D61E4D875D005949C7 /* InfiniteScrollActivityView.swift */,
			);
			path = TumblrFeed;
			sourceTree = "<group>";
		};
		5521E76945C4A395E953841E /* Frameworks */ = {
			isa = PBXGroup;
			children = (
				A6A0EA0F330EEACA3C39E48D /* Pods_TumblrFeed.framework */,
			);
			name = Frameworks;
			sourceTree = "<group>";
		};
		C1045F4FEED034C73E1082AA /* Pods */ = {
			isa = PBXGroup;
			children = (
				AE31FF1BD2F9C7FDD930F498 /* Pods-TumblrFeed.debug.xcconfig */,
				27BCA702D4011FF63ADE80BE /* Pods-TumblrFeed.release.xcconfig */,
			);
			name = Pods;
			sourceTree = "<group>";
		};
/* End PBXGroup section */

/* Begin PBXNativeTarget section */
		218233E71E443A0A005DF023 /* TumblrFeed */ = {
			isa = PBXNativeTarget;
			buildConfigurationList = 218233FA1E443A0A005DF023 /* Build configuration list for PBXNativeTarget "TumblrFeed" */;
			buildPhases = (
				1360780FE94B75418DD6846A /* [CP] Check Pods Manifest.lock */,
				218233E41E443A0A005DF023 /* Sources */,
				218233E51E443A0A005DF023 /* Frameworks */,
				218233E61E443A0A005DF023 /* Resources */,
				1BAC3247475D5F4C8E28E036 /* [CP] Embed Pods Frameworks */,
				D17DA5818F9C42188D246CAB /* [CP] Copy Pods Resources */,
			);
			buildRules = (
			);
			dependencies = (
			);
			name = TumblrFeed;
			productName = TumblrFeed;
			productReference = 218233E81E443A0A005DF023 /* TumblrFeed.app */;
			productType = "com.apple.product-type.application";
		};
/* End PBXNativeTarget section */

/* Begin PBXProject section */
		218233E01E443A0A005DF023 /* Project object */ = {
			isa = PBXProject;
			attributes = {
				LastSwiftUpdateCheck = 0820;
				LastUpgradeCheck = 0820;
				ORGANIZATIONNAME = "Madel Asistio";
				TargetAttributes = {
					218233E71E443A0A005DF023 = {
						CreatedOnToolsVersion = 8.2.1;
						DevelopmentTeam = YXRDGGLHC4;
						ProvisioningStyle = Automatic;
					};
				};
			};
			buildConfigurationList = 218233E31E443A0A005DF023 /* Build configuration list for PBXProject "TumblrFeed" */;
			compatibilityVersion = "Xcode 3.2";
			developmentRegion = English;
			hasScannedForEncodings = 0;
			knownRegions = (
				en,
				Base,
			);
			mainGroup = 218233DF1E443A0A005DF023;
			productRefGroup = 218233E91E443A0A005DF023 /* Products */;
			projectDirPath = "";
			projectRoot = "";
			targets = (
				218233E71E443A0A005DF023 /* TumblrFeed */,
			);
		};
/* End PBXProject section */

/* Begin PBXResourcesBuildPhase section */
		218233E61E443A0A005DF023 /* Resources */ = {
			isa = PBXResourcesBuildPhase;
			buildActionMask = 2147483647;
			files = (
				218233F61E443A0A005DF023 /* LaunchScreen.storyboard in Resources */,
				218233F31E443A0A005DF023 /* Assets.xcassets in Resources */,
				218233F11E443A0A005DF023 /* Main.storyboard in Resources */,
			);
			runOnlyForDeploymentPostprocessing = 0;
		};
/* End PBXResourcesBuildPhase section */

/* Begin PBXShellScriptBuildPhase section */
		1360780FE94B75418DD6846A /* [CP] Check Pods Manifest.lock */ = {
			isa = PBXShellScriptBuildPhase;
			buildActionMask = 2147483647;
			files = (
			);
			inputPaths = (
			);
			name = "[CP] Check Pods Manifest.lock";
			outputPaths = (
			);
			runOnlyForDeploymentPostprocessing = 0;
			shellPath = /bin/sh;
			shellScript = "diff \"${PODS_ROOT}/../Podfile.lock\" \"${PODS_ROOT}/Manifest.lock\" > /dev/null\nif [ $? != 0 ] ; then\n    # print error to STDERR\n    echo \"error: The sandbox is not in sync with the Podfile.lock. Run 'pod install' or update your CocoaPods installation.\" >&2\n    exit 1\nfi\n";
			showEnvVarsInLog = 0;
		};
		1BAC3247475D5F4C8E28E036 /* [CP] Embed Pods Frameworks */ = {
			isa = PBXShellScriptBuildPhase;
			buildActionMask = 2147483647;
			files = (
			);
			inputPaths = (
			);
			name = "[CP] Embed Pods Frameworks";
			outputPaths = (
			);
			runOnlyForDeploymentPostprocessing = 0;
			shellPath = /bin/sh;
			shellScript = "\"${SRCROOT}/Pods/Target Support Files/Pods-TumblrFeed/Pods-TumblrFeed-frameworks.sh\"\n";
			showEnvVarsInLog = 0;
		};
		D17DA5818F9C42188D246CAB /* [CP] Copy Pods Resources */ = {
			isa = PBXShellScriptBuildPhase;
			buildActionMask = 2147483647;
			files = (
			);
			inputPaths = (
			);
			name = "[CP] Copy Pods Resources";
			outputPaths = (
			);
			runOnlyForDeploymentPostprocessing = 0;
			shellPath = /bin/sh;
			shellScript = "\"${SRCROOT}/Pods/Target Support Files/Pods-TumblrFeed/Pods-TumblrFeed-resources.sh\"\n";
			showEnvVarsInLog = 0;
		};
/* End PBXShellScriptBuildPhase section */

/* Begin PBXSourcesBuildPhase section */
		218233E41E443A0A005DF023 /* Sources */ = {
			isa = PBXSourcesBuildPhase;
			buildActionMask = 2147483647;
			files = (
				213CD3D71E4D875D005949C7 /* InfiniteScrollActivityView.swift in Sources */,
				213CD3D51E4D775D005949C7 /* PhotoDetailsViewController.swift in Sources */,
				218233EC1E443A0A005DF023 /* AppDelegate.swift in Sources */,
				219288421E44421000F52812 /* PhotoCell.swift in Sources */,
				219288401E443EFE00F52812 /* PhotosViewController.swift in Sources */,
			);
			runOnlyForDeploymentPostprocessing = 0;
		};
/* End PBXSourcesBuildPhase section */

/* Begin PBXVariantGroup section */
		218233EF1E443A0A005DF023 /* Main.storyboard */ = {
			isa = PBXVariantGroup;
			children = (
				218233F01E443A0A005DF023 /* Base */,
			);
			name = Main.storyboard;
			sourceTree = "<group>";
		};
		218233F41E443A0A005DF023 /* LaunchScreen.storyboard */ = {
			isa = PBXVariantGroup;
			children = (
				218233F51E443A0A005DF023 /* Base */,
			);
			name = LaunchScreen.storyboard;
			sourceTree = "<group>";
		};
/* End PBXVariantGroup section */

/* Begin XCBuildConfiguration section */
		218233F81E443A0A005DF023 /* Debug */ = {
			isa = XCBuildConfiguration;
			buildSettings = {
				ALWAYS_SEARCH_USER_PATHS = NO;
				CLANG_ANALYZER_NONNULL = YES;
				CLANG_CXX_LANGUAGE_STANDARD = "gnu++0x";
				CLANG_CXX_LIBRARY = "libc++";
				CLANG_ENABLE_MODULES = YES;
				CLANG_ENABLE_OBJC_ARC = YES;
				CLANG_WARN_BOOL_CONVERSION = YES;
				CLANG_WARN_CONSTANT_CONVERSION = YES;
				CLANG_WARN_DIRECT_OBJC_ISA_USAGE = YES_ERROR;
				CLANG_WARN_DOCUMENTATION_COMMENTS = YES;
				CLANG_WARN_EMPTY_BODY = YES;
				CLANG_WARN_ENUM_CONVERSION = YES;
				CLANG_WARN_INFINITE_RECURSION = YES;
				CLANG_WARN_INT_CONVERSION = YES;
				CLANG_WARN_OBJC_ROOT_CLASS = YES_ERROR;
				CLANG_WARN_SUSPICIOUS_MOVE = YES;
				CLANG_WARN_UNREACHABLE_CODE = YES;
				CLANG_WARN__DUPLICATE_METHOD_MATCH = YES;
				"CODE_SIGN_IDENTITY[sdk=iphoneos*]" = "iPhone Developer";
				COPY_PHASE_STRIP = NO;
				DEBUG_INFORMATION_FORMAT = dwarf;
				ENABLE_STRICT_OBJC_MSGSEND = YES;
				ENABLE_TESTABILITY = YES;
				GCC_C_LANGUAGE_STANDARD = gnu99;
				GCC_DYNAMIC_NO_PIC = NO;
				GCC_NO_COMMON_BLOCKS = YES;
				GCC_OPTIMIZATION_LEVEL = 0;
				GCC_PREPROCESSOR_DEFINITIONS = (
					"DEBUG=1",
					"$(inherited)",
				);
				GCC_WARN_64_TO_32_BIT_CONVERSION = YES;
				GCC_WARN_ABOUT_RETURN_TYPE = YES_ERROR;
				GCC_WARN_UNDECLARED_SELECTOR = YES;
				GCC_WARN_UNINITIALIZED_AUTOS = YES_AGGRESSIVE;
				GCC_WARN_UNUSED_FUNCTION = YES;
				GCC_WARN_UNUSED_VARIABLE = YES;
				IPHONEOS_DEPLOYMENT_TARGET = 10.2;
				MTL_ENABLE_DEBUG_INFO = YES;
				ONLY_ACTIVE_ARCH = YES;
				SDKROOT = iphoneos;
				SWIFT_ACTIVE_COMPILATION_CONDITIONS = DEBUG;
				SWIFT_OPTIMIZATION_LEVEL = "-Onone";
			};
			name = Debug;
		};
		218233F91E443A0A005DF023 /* Release */ = {
			isa = XCBuildConfiguration;
			buildSettings = {
				ALWAYS_SEARCH_USER_PATHS = NO;
				CLANG_ANALYZER_NONNULL = YES;
				CLANG_CXX_LANGUAGE_STANDARD = "gnu++0x";
				CLANG_CXX_LIBRARY = "libc++";
				CLANG_ENABLE_MODULES = YES;
				CLANG_ENABLE_OBJC_ARC = YES;
				CLANG_WARN_BOOL_CONVERSION = YES;
				CLANG_WARN_CONSTANT_CONVERSION = YES;
				CLANG_WARN_DIRECT_OBJC_ISA_USAGE = YES_ERROR;
				CLANG_WARN_DOCUMENTATION_COMMENTS = YES;
				CLANG_WARN_EMPTY_BODY = YES;
				CLANG_WARN_ENUM_CONVERSION = YES;
				CLANG_WARN_INFINITE_RECURSION = YES;
				CLANG_WARN_INT_CONVERSION = YES;
				CLANG_WARN_OBJC_ROOT_CLASS = YES_ERROR;
				CLANG_WARN_SUSPICIOUS_MOVE = YES;
				CLANG_WARN_UNREACHABLE_CODE = YES;
				CLANG_WARN__DUPLICATE_METHOD_MATCH = YES;
				"CODE_SIGN_IDENTITY[sdk=iphoneos*]" = "iPhone Developer";
				COPY_PHASE_STRIP = NO;
				DEBUG_INFORMATION_FORMAT = "dwarf-with-dsym";
				ENABLE_NS_ASSERTIONS = NO;
				ENABLE_STRICT_OBJC_MSGSEND = YES;
				GCC_C_LANGUAGE_STANDARD = gnu99;
				GCC_NO_COMMON_BLOCKS = YES;
				GCC_WARN_64_TO_32_BIT_CONVERSION = YES;
				GCC_WARN_ABOUT_RETURN_TYPE = YES_ERROR;
				GCC_WARN_UNDECLARED_SELECTOR = YES;
				GCC_WARN_UNINITIALIZED_AUTOS = YES_AGGRESSIVE;
				GCC_WARN_UNUSED_FUNCTION = YES;
				GCC_WARN_UNUSED_VARIABLE = YES;
				IPHONEOS_DEPLOYMENT_TARGET = 10.2;
				MTL_ENABLE_DEBUG_INFO = NO;
				SDKROOT = iphoneos;
				SWIFT_OPTIMIZATION_LEVEL = "-Owholemodule";
				VALIDATE_PRODUCT = YES;
			};
			name = Release;
		};
		218233FB1E443A0A005DF023 /* Debug */ = {
			isa = XCBuildConfiguration;
			baseConfigurationReference = AE31FF1BD2F9C7FDD930F498 /* Pods-TumblrFeed.debug.xcconfig */;
			buildSettings = {
				ASSETCATALOG_COMPILER_APPICON_NAME = AppIcon;
				DEVELOPMENT_TEAM = YXRDGGLHC4;
				INFOPLIST_FILE = TumblrFeed/Info.plist;
				LD_RUNPATH_SEARCH_PATHS = "$(inherited) @executable_path/Frameworks";
				PRODUCT_BUNDLE_IDENTIFIER = codePath.com.TumblrFeed;
				PRODUCT_NAME = "$(TARGET_NAME)";
				SWIFT_VERSION = 3.0;
			};
			name = Debug;
		};
		218233FC1E443A0A005DF023 /* Release */ = {
			isa = XCBuildConfiguration;
			baseConfigurationReference = 27BCA702D4011FF63ADE80BE /* Pods-TumblrFeed.release.xcconfig */;
			buildSettings = {
				ASSETCATALOG_COMPILER_APPICON_NAME = AppIcon;
				DEVELOPMENT_TEAM = YXRDGGLHC4;
				INFOPLIST_FILE = TumblrFeed/Info.plist;
				LD_RUNPATH_SEARCH_PATHS = "$(inherited) @executable_path/Frameworks";
				PRODUCT_BUNDLE_IDENTIFIER = codePath.com.TumblrFeed;
				PRODUCT_NAME = "$(TARGET_NAME)";
				SWIFT_VERSION = 3.0;
			};
			name = Release;
		};
/* End XCBuildConfiguration section */

/* Begin XCConfigurationList section */
		218233E31E443A0A005DF023 /* Build configuration list for PBXProject "TumblrFeed" */ = {
			isa = XCConfigurationList;
			buildConfigurations = (
				218233F81E443A0A005DF023 /* Debug */,
				218233F91E443A0A005DF023 /* Release */,
			);
			defaultConfigurationIsVisible = 0;
			defaultConfigurationName = Release;
		};
		218233FA1E443A0A005DF023 /* Build configuration list for PBXNativeTarget "TumblrFeed" */ = {
			isa = XCConfigurationList;
			buildConfigurations = (
				218233FB1E443A0A005DF023 /* Debug */,
				218233FC1E443A0A005DF023 /* Release */,
			);
			defaultConfigurationIsVisible = 0;
			defaultConfigurationName = Release;
		};
/* End XCConfigurationList section */
	};
	rootObject = 218233E01E443A0A005DF023 /* Project object */;
}
